
Microsoft Visual Studio Solution File, Format Version 12.00
# Visual Studio Express 2012 for Windows Desktop
Project("{FAE04EC0-301F-11D3-BF4B-00C04F79EFBC}") = "1. Exchange grater", "1. Exchange grater\1. Exchange grater.csproj", "{2C517FC9-8A0B-4B7C-A21F-B949922ECE4D}"
EndProject
Project("{FAE04EC0-301F-11D3-BF4B-00C04F79EFBC}") = "2. - or +", "2. - or +\2. - or +.csproj", "{D54FB587-119F-4BC6-A0D6-C8403E2FE991}"
EndProject
Project("{FAE04EC0-301F-11D3-BF4B-00C04F79EFBC}") = "3. Grater of three", "3. Grater of three\3. Grater of three.csproj", "{660E75C6-645B-4151-B9FA-1D3614AE17BC}"
EndProject
Project("{FAE04EC0-301F-11D3-BF4B-00C04F79EFBC}") = "4. Sort values", "4. Sort values\4. Sort values.csproj", "{9106FD5E-FE52-4B9B-B573-492CB1F16F07}"
EndProject
Project("{FAE04EC0-301F-11D3-BF4B-00C04F79EFBC}") = "5. Case Digit", "5. Case Digit\5. Case Digit.csproj", "{D4466B33-ADF5-4791-8569-73D29C335617}"
EndProject
Project("{FAE04EC0-301F-11D3-BF4B-00C04F79EFBC}") = "6. Quadratic Equation", "6. Quadratic Equation\6. Quadratic Equation.csproj", "{4FFC1C58-5C30-4F7F-9D6F-A2EC06721394}"
EndProject
Project("{FAE04EC0-301F-11D3-BF4B-00C04F79EFBC}") = "7. Greatest of five", "7. Greatest of five\7. Greatest of five.csproj", "{D379AED8-D319-4A12-9A68-5FCFF73B70D3}"
EndProject
Project("{FAE04EC0-301F-11D3-BF4B-00C04F79EFBC}") = "8. User input", "8. User input\8. User input.csproj", "{906856D5-31EE-480F-AD4C-FA7675D21A65}"
EndProject
Project("{FAE04EC0-301F-11D3-BF4B-00C04F79EFBC}") = "9. Sum of 5 numbers equels 0", "9. Sum of 5 numbers equels 0\9. Sum of 5 numbers equels 0.csproj", "{3A2CAB7B-5F1D-4BA7-9CD5-D13F0AD4C5D8}"
EndProject
Project("{FAE04EC0-301F-11D3-BF4B-00C04F79EFBC}") = "10. Another switch", "10. Another switch\10. Another switch.csproj", "{04BD4177-1A22-4C4D-A817-117D428A90C8}"
EndProject
Project("{FAE04EC0-301F-11D3-BF4B-00C04F79EFBC}") = "11. Numbers with words", "11. Numbers with words\11. Numbers with words.csproj", "{CAF422A5-39A0-4B51-8B80-A6FD75C4857F}"
EndProject
Global
	GlobalSection(SolutionConfigurationPlatforms) = preSolution
		Debug|Any CPU = Debug|Any CPU
		Release|Any CPU = Release|Any CPU
	EndGlobalSection
	GlobalSection(ProjectConfigurationPlatforms) = postSolution
		{2C517FC9-8A0B-4B7C-A21F-B949922ECE4D}.Debug|Any CPU.ActiveCfg = Debug|Any CPU
		{2C517FC9-8A0B-4B7C-A21F-B949922ECE4D}.Debug|Any CPU.Build.0 = Debug|Any CPU
		{2C517FC9-8A0B-4B7C-A21F-B949922ECE4D}.Release|Any CPU.ActiveCfg = Release|Any CPU
		{2C517FC9-8A0B-4B7C-A21F-B949922ECE4D}.Release|Any CPU.Build.0 = Release|Any CPU
		{D54FB587-119F-4BC6-A0D6-C8403E2FE991}.Debug|Any CPU.ActiveCfg = Debug|Any CPU
		{D54FB587-119F-4BC6-A0D6-C8403E2FE991}.Debug|Any CPU.Build.0 = Debug|Any CPU
		{D54FB587-119F-4BC6-A0D6-C8403E2FE991}.Release|Any CPU.ActiveCfg = Release|Any CPU
		{D54FB587-119F-4BC6-A0D6-C8403E2FE991}.Release|Any CPU.Build.0 = Release|Any CPU
		{660E75C6-645B-4151-B9FA-1D3614AE17BC}.Debug|Any CPU.ActiveCfg = Debug|Any CPU
		{660E75C6-645B-4151-B9FA-1D3614AE17BC}.Debug|Any CPU.Build.0 = Debug|Any CPU
		{660E75C6-645B-4151-B9FA-1D3614AE17BC}.Release|Any CPU.ActiveCfg = Release|Any CPU
		{660E75C6-645B-4151-B9FA-1D3614AE17BC}.Release|Any CPU.Build.0 = Release|Any CPU
		{9106FD5E-FE52-4B9B-B573-492CB1F16F07}.Debug|Any CPU.ActiveCfg = Debug|Any CPU
		{9106FD5E-FE52-4B9B-B573-492CB1F16F07}.Debug|Any CPU.Build.0 = Debug|Any CPU
		{9106FD5E-FE52-4B9B-B573-492CB1F16F07}.Release|Any CPU.ActiveCfg = Release|Any CPU
		{9106FD5E-FE52-4B9B-B573-492CB1F16F07}.Release|Any CPU.Build.0 = Release|Any CPU
		{D4466B33-ADF5-4791-8569-73D29C335617}.Debug|Any CPU.ActiveCfg = Debug|Any CPU
		{D4466B33-ADF5-4791-8569-73D29C335617}.Debug|Any CPU.Build.0 = Debug|Any CPU
		{D4466B33-ADF5-4791-8569-73D29C335617}.Release|Any CPU.ActiveCfg = Release|Any CPU
		{D4466B33-ADF5-4791-8569-73D29C335617}.Release|Any CPU.Build.0 = Release|Any CPU
		{4FFC1C58-5C30-4F7F-9D6F-A2EC06721394}.Debug|Any CPU.ActiveCfg = Debug|Any CPU
		{4FFC1C58-5C30-4F7F-9D6F-A2EC06721394}.Debug|Any CPU.Build.0 = Debug|Any CPU
		{4FFC1C58-5C30-4F7F-9D6F-A2EC06721394}.Release|Any CPU.ActiveCfg = Release|Any CPU
		{4FFC1C58-5C30-4F7F-9D6F-A2EC06721394}.Release|Any CPU.Build.0 = Release|Any CPU
		{D379AED8-D319-4A12-9A68-5FCFF73B70D3}.Debug|Any CPU.ActiveCfg = Debug|Any CPU
		{D379AED8-D319-4A12-9A68-5FCFF73B70D3}.Debug|Any CPU.Build.0 = Debug|Any CPU
		{D379AED8-D319-4A12-9A68-5FCFF73B70D3}.Release|Any CPU.ActiveCfg = Release|Any CPU
		{D379AED8-D319-4A12-9A68-5FCFF73B70D3}.Release|Any CPU.Build.0 = Release|Any CPU
		{906856D5-31EE-480F-AD4C-FA7675D21A65}.Debug|Any CPU.ActiveCfg = Debug|Any CPU
		{906856D5-31EE-480F-AD4C-FA7675D21A65}.Debug|Any CPU.Build.0 = Debug|Any CPU
		{906856D5-31EE-480F-AD4C-FA7675D21A65}.Release|Any CPU.ActiveCfg = Release|Any CPU
		{906856D5-31EE-480F-AD4C-FA7675D21A65}.Release|Any CPU.Build.0 = Release|Any CPU
		{3A2CAB7B-5F1D-4BA7-9CD5-D13F0AD4C5D8}.Debug|Any CPU.ActiveCfg = Debug|Any CPU
		{3A2CAB7B-5F1D-4BA7-9CD5-D13F0AD4C5D8}.Debug|Any CPU.Build.0 = Debug|Any CPU
		{3A2CAB7B-5F1D-4BA7-9CD5-D13F0AD4C5D8}.Release|Any CPU.ActiveCfg = Release|Any CPU
		{3A2CAB7B-5F1D-4BA7-9CD5-D13F0AD4C5D8}.Release|Any CPU.Build.0 = Release|Any CPU
		{04BD4177-1A22-4C4D-A817-117D428A90C8}.Debug|Any CPU.ActiveCfg = Debug|Any CPU
		{04BD4177-1A22-4C4D-A817-117D428A90C8}.Debug|Any CPU.Build.0 = Debug|Any CPU
		{04BD4177-1A22-4C4D-A817-117D428A90C8}.Release|Any CPU.ActiveCfg = Release|Any CPU
		{04BD4177-1A22-4C4D-A817-117D428A90C8}.Release|Any CPU.Build.0 = Release|Any CPU
		{CAF422A5-39A0-4B51-8B80-A6FD75C4857F}.Debug|Any CPU.ActiveCfg = Debug|Any CPU
		{CAF422A5-39A0-4B51-8B80-A6FD75C4857F}.Debug|Any CPU.Build.0 = Debug|Any CPU
		{CAF422A5-39A0-4B51-8B80-A6FD75C4857F}.Release|Any CPU.ActiveCfg = Release|Any CPU
		{CAF422A5-39A0-4B51-8B80-A6FD75C4857F}.Release|Any CPU.Build.0 = Release|Any CPU
	EndGlobalSection
	GlobalSection(SolutionProperties) = preSolution
		HideSolutionNode = FALSE
	EndGlobalSection
EndGlobal
